
Microsoft Visual Studio Solution File, Format Version 12.00
# Visual Studio Version 17
VisualStudioVersion = 17.2.32602.215
MinimumVisualStudioVersion = 10.0.40219.1
Project("{FAE04EC0-301F-11D3-BF4B-00C04F79EFBC}") = "project", "project\project.csproj", "{8FEA68FB-8627-4E73-A0FB-2632AA224A33}"
EndProject
Global
	GlobalSection(SolutionConfigurationPlatforms) = preSolution
		Debug|Any CPU = Debug|Any CPU
		Release|Any CPU = Release|Any CPU
	EndGlobalSection
	GlobalSection(ProjectConfigurationPlatforms) = postSolution
		{8FEA68FB-8627-4E73-A0FB-2632AA224A33}.Debug|Any CPU.ActiveCfg = Debug|Any CPU
		{8FEA68FB-8627-4E73-A0FB-2632AA224A33}.Debug|Any CPU.Build.0 = Debug|Any CPU
		{8FEA68FB-8627-4E73-A0FB-2632AA224A33}.Release|Any CPU.ActiveCfg = Release|Any CPU
		{8FEA68FB-8627-4E73-A0FB-2632AA224A33}.Release|Any CPU.Build.0 = Release|Any CPU
	EndGlobalSection
	GlobalSection(SolutionProperties) = preSolution
		HideSolutionNode = FALSE
	EndGlobalSection
	GlobalSection(ExtensibilityGlobals) = postSolution
		SolutionGuid = {33AE69C8-2CD1-4CA6-AB91-AF5AE516CBC5}
	EndGlobalSection
EndGlobal
